{
  "name": "kvasir-watch",
  "version": "0.1.0",
  "lockfileVersion": 3,
  "requires": true,
  "packages": {
    "": {
      "name": "kvasir-watch",
      "version": "0.1.0",
      "dependencies": {
        "kvasir-p4-bridge": "file:../../p4bridge"
      },
      "engines": {
        "node": ">=20"
      }
    },
    "../../p4bridge": {
      "name": "kvasir-p4-bridge",
      "version": "0.1.0",
      "engines": {
        "node": ">=20"
      }
    },
    "node_modules/kvasir-p4-bridge": {
      "resolved": "../../p4bridge",
      "link": true
    }
  }
}
